
Microsoft Visual Studio Solution File, Format Version 12.00
# Visual Studio Version 17
VisualStudioVersion = 17.9.34728.123
MinimumVisualStudioVersion = 10.0.40219.1
Project("{FAE04EC0-301F-11D3-BF4B-00C04F79EFBC}") = "TransparenciaIluminadaAPI", "TransparenciaIluminadaAPI.csproj", "{5A11D7C6-657A-449C-96CF-F2954D121C38}"
EndProject
Global
	GlobalSection(SolutionConfigurationPlatforms) = preSolution
		Debug|Any CPU = Debug|Any CPU
		Release|Any CPU = Release|Any CPU
	EndGlobalSection
	GlobalSection(ProjectConfigurationPlatforms) = postSolution
		{5A11D7C6-657A-449C-96CF-F2954D121C38}.Debug|Any CPU.ActiveCfg = Debug|Any CPU
		{5A11D7C6-657A-449C-96CF-F2954D121C38}.Debug|Any CPU.Build.0 = Debug|Any CPU
		{5A11D7C6-657A-449C-96CF-F2954D121C38}.Release|Any CPU.ActiveCfg = Release|Any CPU
		{5A11D7C6-657A-449C-96CF-F2954D121C38}.Release|Any CPU.Build.0 = Release|Any CPU
	EndGlobalSection
	GlobalSection(SolutionProperties) = preSolution
		HideSolutionNode = FALSE
	EndGlobalSection
	GlobalSection(ExtensibilityGlobals) = postSolution
		SolutionGuid = {F1624080-B678-4AC1-9E91-605E99B4723D}
	EndGlobalSection
EndGlobal
